
Microsoft Visual Studio Solution File, Format Version 12.00
# Visual Studio 15
VisualStudioVersion = 15.0.28307.489
MinimumVisualStudioVersion = 10.0.40219.1
Project("{FAE04EC0-301F-11D3-BF4B-00C04F79EFBC}") = "FFANS", "FFANS\FFANS.csproj", "{D9265892-CCE2-4F7E-874F-3F2DC36D9F59}"
EndProject
Global
	GlobalSection(SolutionConfigurationPlatforms) = preSolution
		Debug|Any CPU = Debug|Any CPU
		Release|Any CPU = Release|Any CPU
	EndGlobalSection
	GlobalSection(ProjectConfigurationPlatforms) = postSolution
		{D9265892-CCE2-4F7E-874F-3F2DC36D9F59}.Debug|Any CPU.ActiveCfg = Debug|Any CPU
		{D9265892-CCE2-4F7E-874F-3F2DC36D9F59}.Debug|Any CPU.Build.0 = Debug|Any CPU
		{D9265892-CCE2-4F7E-874F-3F2DC36D9F59}.Release|Any CPU.ActiveCfg = Release|Any CPU
		{D9265892-CCE2-4F7E-874F-3F2DC36D9F59}.Release|Any CPU.Build.0 = Release|Any CPU
	EndGlobalSection
	GlobalSection(SolutionProperties) = preSolution
		HideSolutionNode = FALSE
	EndGlobalSection
	GlobalSection(ExtensibilityGlobals) = postSolution
		SolutionGuid = {7F5D9C62-7DFF-4656-805C-091BEAD6AFF4}
	EndGlobalSection
EndGlobal
